
Microsoft Visual Studio Solution File, Format Version 12.00
# Visual Studio Version 16
VisualStudioVersion = 16.0.29905.134
MinimumVisualStudioVersion = 10.0.40219.1
Project("{9A19103F-16F7-4668-BE54-9A1E7A4F7556}") = "Account", "src\Account\Account.csproj", "{CED368D6-F64D-406C-B184-B7608A66830A}"
EndProject
Project("{9A19103F-16F7-4668-BE54-9A1E7A4F7556}") = "Account.Tests", "tests\Account.Tests\Account.Tests.csproj", "{0F87622D-073B-4122-B769-57DA3B152A6F}"
EndProject
Global
	GlobalSection(SolutionConfigurationPlatforms) = preSolution
		Debug|Any CPU = Debug|Any CPU
		Release|Any CPU = Release|Any CPU
	EndGlobalSection
	GlobalSection(ProjectConfigurationPlatforms) = postSolution
		{CED368D6-F64D-406C-B184-B7608A66830A}.Debug|Any CPU.ActiveCfg = Debug|Any CPU
		{CED368D6-F64D-406C-B184-B7608A66830A}.Debug|Any CPU.Build.0 = Debug|Any CPU
		{CED368D6-F64D-406C-B184-B7608A66830A}.Release|Any CPU.ActiveCfg = Release|Any CPU
		{CED368D6-F64D-406C-B184-B7608A66830A}.Release|Any CPU.Build.0 = Release|Any CPU
		{0F87622D-073B-4122-B769-57DA3B152A6F}.Debug|Any CPU.ActiveCfg = Debug|Any CPU
		{0F87622D-073B-4122-B769-57DA3B152A6F}.Debug|Any CPU.Build.0 = Debug|Any CPU
		{0F87622D-073B-4122-B769-57DA3B152A6F}.Release|Any CPU.ActiveCfg = Release|Any CPU
		{0F87622D-073B-4122-B769-57DA3B152A6F}.Release|Any CPU.Build.0 = Release|Any CPU
	EndGlobalSection
	GlobalSection(SolutionProperties) = preSolution
		HideSolutionNode = FALSE
	EndGlobalSection
	GlobalSection(ExtensibilityGlobals) = postSolution
		SolutionGuid = {75031113-C1D0-433D-80FF-2729C98D3B45}
	EndGlobalSection
EndGlobal
